
Microsoft Visual Studio Solution File, Format Version 12.00
# Visual Studio Version 16
VisualStudioVersion = 16.0.31911.196
MinimumVisualStudioVersion = 10.0.40219.1
Project("{8BC9CEB8-8B4A-11D0-8D11-00A0C91BC942}") = "ITURNoise", "ITURNoise.vcxproj", "{CD8B0761-A835-4914-A4C3-D90FBE49A7B9}"
EndProject
Global
	GlobalSection(SolutionConfigurationPlatforms) = preSolution
		Debug|x64 = Debug|x64
		Debug|x86 = Debug|x86
		Release|x64 = Release|x64
		Release|x86 = Release|x86
	EndGlobalSection
	GlobalSection(ProjectConfigurationPlatforms) = postSolution
		{CD8B0761-A835-4914-A4C3-D90FBE49A7B9}.Debug|x64.ActiveCfg = Debug|x64
		{CD8B0761-A835-4914-A4C3-D90FBE49A7B9}.Debug|x64.Build.0 = Debug|x64
		{CD8B0761-A835-4914-A4C3-D90FBE49A7B9}.Debug|x86.ActiveCfg = Debug|Win32
		{CD8B0761-A835-4914-A4C3-D90FBE49A7B9}.Debug|x86.Build.0 = Debug|Win32
		{CD8B0761-A835-4914-A4C3-D90FBE49A7B9}.Release|x64.ActiveCfg = Release|x64
		{CD8B0761-A835-4914-A4C3-D90FBE49A7B9}.Release|x64.Build.0 = Release|x64
		{CD8B0761-A835-4914-A4C3-D90FBE49A7B9}.Release|x86.ActiveCfg = Release|Win32
		{CD8B0761-A835-4914-A4C3-D90FBE49A7B9}.Release|x86.Build.0 = Release|Win32
	EndGlobalSection
	GlobalSection(SolutionProperties) = preSolution
		HideSolutionNode = FALSE
	EndGlobalSection
	GlobalSection(ExtensibilityGlobals) = postSolution
		SolutionGuid = {728B0A2A-6D0E-4445-A15E-346E6A799CD8}
	EndGlobalSection
EndGlobal
