<?xml version="1.0" encoding="utf-8"?>
<Project ToolsVersion="4.0" xmlns="http://schemas.microsoft.com/developer/msbuild/2003">
  <ItemGroup>
    <ClCompile Include="..\..\Src\P533\Between7000kmand9000km.c">
      <Filter>Source Files</Filter>
    </ClCompile>
    <ClCompile Include="..\..\Src\P533\CalculateCPParameters.c">
      <Filter>Source Files</Filter>
    </ClCompile>
    <ClCompile Include="..\..\Src\P533\CircuitReliability.c">
      <Filter>Source Files</Filter>
    </ClCompile>
    <ClCompile Include="..\..\Src\P533\ELayerScreeningFrequency.c">
      <Filter>Source Files</Filter>
    </ClCompile>
    <ClCompile Include="..\..\Src\P533\Geometry.c">
      <Filter>Source Files</Filter>
    </ClCompile>
    <ClCompile Include="..\..\Src\P533\InitializePath.c">
      <Filter>Source Files</Filter>
    </ClCompile>
    <ClCompile Include="..\..\Src\P533\InputDump.c">
      <Filter>Source Files</Filter>
    </ClCompile>
    <ClCompile Include="..\..\Src\P533\Magfit.c">
      <Filter>Source Files</Filter>
    </ClCompile>
    <ClCompile Include="..\..\Src\P533\MedianAvailableReceiverPower.c">
      <Filter>Source Files</Filter>
    </ClCompile>
    <ClCompile Include="..\..\Src\P533\MedianSkywaveFieldStrengthLong.c">
      <Filter>Source Files</Filter>
    </ClCompile>
    <ClCompile Include="..\..\Src\P533\MedianSkywaveFieldStrengthShort.c">
      <Filter>Source Files</Filter>
    </ClCompile>
    <ClCompile Include="..\..\Src\P533\MUFBasic.c">
      <Filter>Source Files</Filter>
    </ClCompile>
    <ClCompile Include="..\..\Src\P533\MUFOperational.c">
      <Filter>Source Files</Filter>
    </ClCompile>
    <ClCompile Include="..\..\Src\P533\MUFVariability.c">
      <Filter>Source Files</Filter>
    </ClCompile>
    <ClCompile Include="..\..\Src\P533\P533.c">
      <Filter>Source Files</Filter>
    </ClCompile>
    <ClCompile Include="..\..\Src\P533\PathMemory.c">
      <Filter>Source Files</Filter>
    </ClCompile>
    <ClCompile Include="..\..\Src\P533\ReadIonParameters.c">
      <Filter>Source Files</Filter>
    </ClCompile>
    <ClCompile Include="..\..\Src\P533\ReadP1239.c">
      <Filter>Source Files</Filter>
    </ClCompile>
    <ClCompile Include="..\..\Src\P533\ReadType13.c">
      <Filter>Source Files</Filter>
    </ClCompile>
    <ClCompile Include="..\..\Src\P533\ValidatePath.c">
      <Filter>Source Files</Filter>
    </ClCompile>
  </ItemGroup>
  <ItemGroup>
    <ClInclude Include="..\..\Src\P533\Noise.h">
      <Filter>Header Files</Filter>
    </ClInclude>
    <ClInclude Include="..\..\Src\P533\P533.h">
      <Filter>Header Files</Filter>
    </ClInclude>
    <ClInclude Include="..\..\Src\P533\Common.h">
      <Filter>Header Files</Filter>
    </ClInclude>
  </ItemGroup>
  <ItemGroup>
    <Filter Include="Header Files">
      <UniqueIdentifier>{4cfbb3b7-f0bb-4a18-a5d3-e7ff3d735bdb}</UniqueIdentifier>
    </Filter>
    <Filter Include="Source Files">
      <UniqueIdentifier>{56acff8f-bb59-4c0b-9e08-d405cfa8c9c6}</UniqueIdentifier>
    </Filter>
  </ItemGroup>
</Project>