<?xml version="1.0" encoding="utf-8"?>
<Project ToolsVersion="4.0" xmlns="http://schemas.microsoft.com/developer/msbuild/2003">
  <ItemGroup>
    <ClCompile Include="..\..\Src\P372\NoiseMemory.c">
      <Filter>Source Files</Filter>
    </ClCompile>
    <ClCompile Include="..\..\Src\P372\Noise.c">
      <Filter>Source Files</Filter>
    </ClCompile>
    <ClCompile Include="..\..\Src\P372\MakeNoise.c">
      <Filter>Source Files</Filter>
    </ClCompile>
    <ClCompile Include="..\..\Src\P372\InitializeNoise.c">
      <Filter>Source Files</Filter>
    </ClCompile>
  </ItemGroup>
  <ItemGroup>
    <ClInclude Include="..\..\Src\P372\Common.h">
      <Filter>Header Files</Filter>
    </ClInclude>
    <ClInclude Include="..\..\Src\P372\Noise.h">
      <Filter>Header Files</Filter>
    </ClInclude>
  </ItemGroup>
  <ItemGroup>
    <Filter Include="Header Files">
      <UniqueIdentifier>{8be04bba-24a7-4a77-b612-4e27bc41d7a3}</UniqueIdentifier>
    </Filter>
    <Filter Include="Source Files">
      <UniqueIdentifier>{2b1d260e-eecf-4a29-a5a7-deb0f56da6e6}</UniqueIdentifier>
    </Filter>
  </ItemGroup>
</Project>